
Microsoft Visual Studio Solution File, Format Version 12.00
# Visual Studio Version 17
VisualStudioVersion = 17.1.32210.238
MinimumVisualStudioVersion = 10.0.40219.1
Project("{8BC9CEB8-8B4A-11D0-8D11-00A0C91BC942}") = "MetodyNumeryczne_lab13", "MetodyNumeryczne_lab13.vcxproj", "{BDE07894-898D-4F4A-9C5E-1BD6C28C7E58}"
EndProject
Global
	GlobalSection(SolutionConfigurationPlatforms) = preSolution
		Debug|x64 = Debug|x64
		Debug|x86 = Debug|x86
		Release|x64 = Release|x64
		Release|x86 = Release|x86
	EndGlobalSection
	GlobalSection(ProjectConfigurationPlatforms) = postSolution
		{BDE07894-898D-4F4A-9C5E-1BD6C28C7E58}.Debug|x64.ActiveCfg = Debug|x64
		{BDE07894-898D-4F4A-9C5E-1BD6C28C7E58}.Debug|x64.Build.0 = Debug|x64
		{BDE07894-898D-4F4A-9C5E-1BD6C28C7E58}.Debug|x86.ActiveCfg = Debug|Win32
		{BDE07894-898D-4F4A-9C5E-1BD6C28C7E58}.Debug|x86.Build.0 = Debug|Win32
		{BDE07894-898D-4F4A-9C5E-1BD6C28C7E58}.Release|x64.ActiveCfg = Release|x64
		{BDE07894-898D-4F4A-9C5E-1BD6C28C7E58}.Release|x64.Build.0 = Release|x64
		{BDE07894-898D-4F4A-9C5E-1BD6C28C7E58}.Release|x86.ActiveCfg = Release|Win32
		{BDE07894-898D-4F4A-9C5E-1BD6C28C7E58}.Release|x86.Build.0 = Release|Win32
	EndGlobalSection
	GlobalSection(SolutionProperties) = preSolution
		HideSolutionNode = FALSE
	EndGlobalSection
	GlobalSection(ExtensibilityGlobals) = postSolution
		SolutionGuid = {6D80B318-2589-47D2-A968-64F6E8CCEDF2}
	EndGlobalSection
EndGlobal
